// !$*UTF8*$!
{
	archiveVersion = 1;
	classes = {
	};
	objectVersion = 55;
	objects = {

/* Begin PBXBuildFile section */
		4729F0D428BBCC7C0054D10B /* UIImageView + Extension.swift in Sources */ = {isa = PBXBuildFile; fileRef = 4729F0D328BBCC7C0054D10B /* UIImageView + Extension.swift */; };
		473042CD28956EAA00817A7A /* NetworkManager.swift in Sources */ = {isa = PBXBuildFile; fileRef = 473042CC28956EAA00817A7A /* NetworkManager.swift */; };
		473042CF289572E700817A7A /* CryptoModel.swift in Sources */ = {isa = PBXBuildFile; fileRef = 473042CE289572E700817A7A /* CryptoModel.swift */; };
		473A471B28BB99D20073AA93 /* DetailsViewController.swift in Sources */ = {isa = PBXBuildFile; fileRef = 473A471A28BB99D20073AA93 /* DetailsViewController.swift */; };
		473A471D28BB9AF40073AA93 /* DetailsViewModel.swift in Sources */ = {isa = PBXBuildFile; fileRef = 473A471C28BB9AF40073AA93 /* DetailsViewModel.swift */; };
		474CB69728969EFF00D58038 /* APIManager.swift in Sources */ = {isa = PBXBuildFile; fileRef = 474CB69628969EFF00D58038 /* APIManager.swift */; };
		4761B5DB2895BFCC007FFB91 /* CryptoTableView + Extension.swift in Sources */ = {isa = PBXBuildFile; fileRef = 4761B5DA2895BFCC007FFB91 /* CryptoTableView + Extension.swift */; };
		4761B5DD2895C007007FFB91 /* CryptoTableViewCell.swift in Sources */ = {isa = PBXBuildFile; fileRef = 4761B5DC2895C007007FFB91 /* CryptoTableViewCell.swift */; };
		4761B5DF2895C288007FFB91 /* Box.swift in Sources */ = {isa = PBXBuildFile; fileRef = 4761B5DE2895C288007FFB91 /* Box.swift */; };
		4761B5E22895C2B1007FFB91 /* CryptoViewModel.swift in Sources */ = {isa = PBXBuildFile; fileRef = 4761B5E12895C2B1007FFB91 /* CryptoViewModel.swift */; };
		4774EFA0289DD8EA008C02B2 /* StocksViewModel.swift in Sources */ = {isa = PBXBuildFile; fileRef = 4774EF9F289DD8EA008C02B2 /* StocksViewModel.swift */; };
		4774EFA2289DDB00008C02B2 /* NewsViewModel.swift in Sources */ = {isa = PBXBuildFile; fileRef = 4774EFA1289DDB00008C02B2 /* NewsViewModel.swift */; };
		478ACECF2895502000EE31B6 /* AppDelegate.swift in Sources */ = {isa = PBXBuildFile; fileRef = 478ACECE2895502000EE31B6 /* AppDelegate.swift */; };
		478ACED12895502000EE31B6 /* SceneDelegate.swift in Sources */ = {isa = PBXBuildFile; fileRef = 478ACED02895502000EE31B6 /* SceneDelegate.swift */; };
		478ACED32895502000EE31B6 /* MainViewController.swift in Sources */ = {isa = PBXBuildFile; fileRef = 478ACED22895502000EE31B6 /* MainViewController.swift */; };
		478ACED82895502100EE31B6 /* Assets.xcassets in Resources */ = {isa = PBXBuildFile; fileRef = 478ACED72895502100EE31B6 /* Assets.xcassets */; };
		478ACEDB2895502100EE31B6 /* LaunchScreen.storyboard in Resources */ = {isa = PBXBuildFile; fileRef = 478ACED92895502100EE31B6 /* LaunchScreen.storyboard */; };
		478ACEE92895509C00EE31B6 /* .gitignore in Resources */ = {isa = PBXBuildFile; fileRef = 478ACEE82895509C00EE31B6 /* .gitignore */; };
		478ACEEB2895543C00EE31B6 /* CustomTabBarController.swift in Sources */ = {isa = PBXBuildFile; fileRef = 478ACEEA2895543C00EE31B6 /* CustomTabBarController.swift */; };
		478ACEED2895548A00EE31B6 /* NewsViewController.swift in Sources */ = {isa = PBXBuildFile; fileRef = 478ACEEC2895548A00EE31B6 /* NewsViewController.swift */; };
		478ACEEF2895549200EE31B6 /* StocksViewController.swift in Sources */ = {isa = PBXBuildFile; fileRef = 478ACEEE2895549200EE31B6 /* StocksViewController.swift */; };
		478ACEF12895549B00EE31B6 /* CryptoViewController.swift in Sources */ = {isa = PBXBuildFile; fileRef = 478ACEF02895549B00EE31B6 /* CryptoViewController.swift */; };
		478ACEF428955B7000EE31B6 /* UIColor + Extension.swift in Sources */ = {isa = PBXBuildFile; fileRef = 478ACEF328955B7000EE31B6 /* UIColor + Extension.swift */; };
		478E4ACF28A26F3800A5E151 /* Helpers.swift in Sources */ = {isa = PBXBuildFile; fileRef = 478E4ACE28A26F3800A5E151 /* Helpers.swift */; };
		478E4AD128A2763200A5E151 /* NewsCellViewModel.swift in Sources */ = {isa = PBXBuildFile; fileRef = 478E4AD028A2763200A5E151 /* NewsCellViewModel.swift */; };
		47B873BD2897D4D4002358FB /* CryptoCellViewModel.swift in Sources */ = {isa = PBXBuildFile; fileRef = 47B873BC2897D4D4002358FB /* CryptoCellViewModel.swift */; };
		47BE1BE228B65FFA00249767 /* MainViewController+TableViewExtension.swift in Sources */ = {isa = PBXBuildFile; fileRef = 47BE1BE128B65FFA00249767 /* MainViewController+TableViewExtension.swift */; };
		47BE1BE428B6604800249767 /* TransactionTableViewCell.swift in Sources */ = {isa = PBXBuildFile; fileRef = 47BE1BE328B6604800249767 /* TransactionTableViewCell.swift */; };
		47BE1BEE28B66D8400249767 /* BrandonGrotesque-Light.ttf in Resources */ = {isa = PBXBuildFile; fileRef = 47BE1BE828B66D8400249767 /* BrandonGrotesque-Light.ttf */; };
		47BE1BEF28B66D8400249767 /* BrandonGrotesque-Black.ttf in Resources */ = {isa = PBXBuildFile; fileRef = 47BE1BE928B66D8400249767 /* BrandonGrotesque-Black.ttf */; };
		47BE1BF028B66D8400249767 /* BrandonGrotesque-Thin.ttf in Resources */ = {isa = PBXBuildFile; fileRef = 47BE1BEA28B66D8400249767 /* BrandonGrotesque-Thin.ttf */; };
		47BE1BF128B66D8400249767 /* BrandonGrotesque-Bold.ttf in Resources */ = {isa = PBXBuildFile; fileRef = 47BE1BEB28B66D8400249767 /* BrandonGrotesque-Bold.ttf */; };
		47BE1BF228B66D8400249767 /* BrandonGrotesque-Medium.ttf in Resources */ = {isa = PBXBuildFile; fileRef = 47BE1BEC28B66D8400249767 /* BrandonGrotesque-Medium.ttf */; };
		47BE1BF328B66D8400249767 /* BrandonGrotesque-Regular.ttf in Resources */ = {isa = PBXBuildFile; fileRef = 47BE1BED28B66D8400249767 /* BrandonGrotesque-Regular.ttf */; };
		47BE1BF528B6D4C800249767 /* GradientButton.swift in Sources */ = {isa = PBXBuildFile; fileRef = 47BE1BF428B6D4C800249767 /* GradientButton.swift */; };
		47D74A7E28BA167D003380F1 /* CryptoDataModel.swift in Sources */ = {isa = PBXBuildFile; fileRef = 47D74A7D28BA167D003380F1 /* CryptoDataModel.swift */; };
		47ECB4CF2896C15400566D24 /* NewsModel.swift in Sources */ = {isa = PBXBuildFile; fileRef = 47ECB4CE2896C15400566D24 /* NewsModel.swift */; };
		47ECB4D12896C4AA00566D24 /* NewsTableView + Extension.swift in Sources */ = {isa = PBXBuildFile; fileRef = 47ECB4D02896C4AA00566D24 /* NewsTableView + Extension.swift */; };
		47ECB4D32896C53E00566D24 /* NewsTableViewCell.swift in Sources */ = {isa = PBXBuildFile; fileRef = 47ECB4D22896C53E00566D24 /* NewsTableViewCell.swift */; };
		47ECB4D62896DB4800566D24 /* StocksModel.swift in Sources */ = {isa = PBXBuildFile; fileRef = 47ECB4D52896DB4800566D24 /* StocksModel.swift */; };
		47ECB4D82896DBAA00566D24 /* APIKeys.swift in Sources */ = {isa = PBXBuildFile; fileRef = 47ECB4D72896DBAA00566D24 /* APIKeys.swift */; };
		47ECB4DA2896F9FB00566D24 /* StocksCollectionView + Extension.swift in Sources */ = {isa = PBXBuildFile; fileRef = 47ECB4D92896F9FB00566D24 /* StocksCollectionView + Extension.swift */; };
		47ECB4DD2896FA2B00566D24 /* StocksCollectionViewCell.swift in Sources */ = {isa = PBXBuildFile; fileRef = 47ECB4DC2896FA2B00566D24 /* StocksCollectionViewCell.swift */; };
/* End PBXBuildFile section */

/* Begin PBXFileReference section */
		4729F0D328BBCC7C0054D10B /* UIImageView + Extension.swift */ = {isa = PBXFileReference; lastKnownFileType = sourcecode.swift; path = "UIImageView + Extension.swift"; sourceTree = "<group>"; };
		473042CC28956EAA00817A7A /* NetworkManager.swift */ = {isa = PBXFileReference; lastKnownFileType = sourcecode.swift; path = NetworkManager.swift; sourceTree = "<group>"; };
		473042CE289572E700817A7A /* CryptoModel.swift */ = {isa = PBXFileReference; lastKnownFileType = sourcecode.swift; path = CryptoModel.swift; sourceTree = "<group>"; };
		473A471A28BB99D20073AA93 /* DetailsViewController.swift */ = {isa = PBXFileReference; lastKnownFileType = sourcecode.swift; path = DetailsViewController.swift; sourceTree = "<group>"; };
		473A471C28BB9AF40073AA93 /* DetailsViewModel.swift */ = {isa = PBXFileReference; lastKnownFileType = sourcecode.swift; path = DetailsViewModel.swift; sourceTree = "<group>"; };
		474CB69628969EFF00D58038 /* APIManager.swift */ = {isa = PBXFileReference; lastKnownFileType = sourcecode.swift; path = APIManager.swift; sourceTree = "<group>"; };
		4761B5DA2895BFCC007FFB91 /* CryptoTableView + Extension.swift */ = {isa = PBXFileReference; lastKnownFileType = sourcecode.swift; path = "CryptoTableView + Extension.swift"; sourceTree = "<group>"; };
		4761B5DC2895C007007FFB91 /* CryptoTableViewCell.swift */ = {isa = PBXFileReference; lastKnownFileType = sourcecode.swift; path = CryptoTableViewCell.swift; sourceTree = "<group>"; };
		4761B5DE2895C288007FFB91 /* Box.swift */ = {isa = PBXFileReference; lastKnownFileType = sourcecode.swift; path = Box.swift; sourceTree = "<group>"; };
		4761B5E12895C2B1007FFB91 /* CryptoViewModel.swift */ = {isa = PBXFileReference; lastKnownFileType = sourcecode.swift; path = CryptoViewModel.swift; sourceTree = "<group>"; };
		4774EF9F289DD8EA008C02B2 /* StocksViewModel.swift */ = {isa = PBXFileReference; lastKnownFileType = sourcecode.swift; path = StocksViewModel.swift; sourceTree = "<group>"; };
		4774EFA1289DDB00008C02B2 /* NewsViewModel.swift */ = {isa = PBXFileReference; lastKnownFileType = sourcecode.swift; path = NewsViewModel.swift; sourceTree = "<group>"; };
		478ACECB2895502000EE31B6 /* Finance Keeper.app */ = {isa = PBXFileReference; explicitFileType = wrapper.application; includeInIndex = 0; path = "Finance Keeper.app"; sourceTree = BUILT_PRODUCTS_DIR; };
		478ACECE2895502000EE31B6 /* AppDelegate.swift */ = {isa = PBXFileReference; lastKnownFileType = sourcecode.swift; path = AppDelegate.swift; sourceTree = "<group>"; };
		478ACED02895502000EE31B6 /* SceneDelegate.swift */ = {isa = PBXFileReference; lastKnownFileType = sourcecode.swift; path = SceneDelegate.swift; sourceTree = "<group>"; };
		478ACED22895502000EE31B6 /* MainViewController.swift */ = {isa = PBXFileReference; lastKnownFileType = sourcecode.swift; path = MainViewController.swift; sourceTree = "<group>"; };
		478ACED72895502100EE31B6 /* Assets.xcassets */ = {isa = PBXFileReference; lastKnownFileType = folder.assetcatalog; path = Assets.xcassets; sourceTree = "<group>"; };
		478ACEDA2895502100EE31B6 /* Base */ = {isa = PBXFileReference; lastKnownFileType = file.storyboard; name = Base; path = Base.lproj/LaunchScreen.storyboard; sourceTree = "<group>"; };
		478ACEDC2895502100EE31B6 /* Info.plist */ = {isa = PBXFileReference; lastKnownFileType = text.plist.xml; path = Info.plist; sourceTree = "<group>"; };
		478ACEE82895509C00EE31B6 /* .gitignore */ = {isa = PBXFileReference; lastKnownFileType = text; path = .gitignore; sourceTree = "<group>"; };
		478ACEEA2895543C00EE31B6 /* CustomTabBarController.swift */ = {isa = PBXFileReference; lastKnownFileType = sourcecode.swift; path = CustomTabBarController.swift; sourceTree = "<group>"; };
		478ACEEC2895548A00EE31B6 /* NewsViewController.swift */ = {isa = PBXFileReference; lastKnownFileType = sourcecode.swift; path = NewsViewController.swift; sourceTree = "<group>"; };
		478ACEEE2895549200EE31B6 /* StocksViewController.swift */ = {isa = PBXFileReference; lastKnownFileType = sourcecode.swift; path = StocksViewController.swift; sourceTree = "<group>"; };
		478ACEF02895549B00EE31B6 /* CryptoViewController.swift */ = {isa = PBXFileReference; lastKnownFileType = sourcecode.swift; path = CryptoViewController.swift; sourceTree = "<group>"; };
		478ACEF328955B7000EE31B6 /* UIColor + Extension.swift */ = {isa = PBXFileReference; lastKnownFileType = sourcecode.swift; path = "UIColor + Extension.swift"; sourceTree = "<group>"; };
		478E4ACE28A26F3800A5E151 /* Helpers.swift */ = {isa = PBXFileReference; lastKnownFileType = sourcecode.swift; path = Helpers.swift; sourceTree = "<group>"; };
		478E4AD028A2763200A5E151 /* NewsCellViewModel.swift */ = {isa = PBXFileReference; lastKnownFileType = sourcecode.swift; path = NewsCellViewModel.swift; sourceTree = "<group>"; };
		47B873BC2897D4D4002358FB /* CryptoCellViewModel.swift */ = {isa = PBXFileReference; lastKnownFileType = sourcecode.swift; path = CryptoCellViewModel.swift; sourceTree = "<group>"; };
		47BE1BE128B65FFA00249767 /* MainViewController+TableViewExtension.swift */ = {isa = PBXFileReference; lastKnownFileType = sourcecode.swift; path = "MainViewController+TableViewExtension.swift"; sourceTree = "<group>"; };
		47BE1BE328B6604800249767 /* TransactionTableViewCell.swift */ = {isa = PBXFileReference; lastKnownFileType = sourcecode.swift; path = TransactionTableViewCell.swift; sourceTree = "<group>"; };
		47BE1BE828B66D8400249767 /* BrandonGrotesque-Light.ttf */ = {isa = PBXFileReference; lastKnownFileType = file; path = "BrandonGrotesque-Light.ttf"; sourceTree = "<group>"; };
		47BE1BE928B66D8400249767 /* BrandonGrotesque-Black.ttf */ = {isa = PBXFileReference; lastKnownFileType = file; path = "BrandonGrotesque-Black.ttf"; sourceTree = "<group>"; };
		47BE1BEA28B66D8400249767 /* BrandonGrotesque-Thin.ttf */ = {isa = PBXFileReference; lastKnownFileType = file; path = "BrandonGrotesque-Thin.ttf"; sourceTree = "<group>"; };
		47BE1BEB28B66D8400249767 /* BrandonGrotesque-Bold.ttf */ = {isa = PBXFileReference; lastKnownFileType = file; path = "BrandonGrotesque-Bold.ttf"; sourceTree = "<group>"; };
		47BE1BEC28B66D8400249767 /* BrandonGrotesque-Medium.ttf */ = {isa = PBXFileReference; lastKnownFileType = file; path = "BrandonGrotesque-Medium.ttf"; sourceTree = "<group>"; };
		47BE1BED28B66D8400249767 /* BrandonGrotesque-Regular.ttf */ = {isa = PBXFileReference; lastKnownFileType = file; path = "BrandonGrotesque-Regular.ttf"; sourceTree = "<group>"; };
		47BE1BF428B6D4C800249767 /* GradientButton.swift */ = {isa = PBXFileReference; lastKnownFileType = sourcecode.swift; path = GradientButton.swift; sourceTree = "<group>"; };
		47D74A7D28BA167D003380F1 /* CryptoDataModel.swift */ = {isa = PBXFileReference; lastKnownFileType = sourcecode.swift; path = CryptoDataModel.swift; sourceTree = "<group>"; };
		47ECB4CE2896C15400566D24 /* NewsModel.swift */ = {isa = PBXFileReference; lastKnownFileType = sourcecode.swift; path = NewsModel.swift; sourceTree = "<group>"; };
		47ECB4D02896C4AA00566D24 /* NewsTableView + Extension.swift */ = {isa = PBXFileReference; lastKnownFileType = sourcecode.swift; path = "NewsTableView + Extension.swift"; sourceTree = "<group>"; };
		47ECB4D22896C53E00566D24 /* NewsTableViewCell.swift */ = {isa = PBXFileReference; lastKnownFileType = sourcecode.swift; path = NewsTableViewCell.swift; sourceTree = "<group>"; };
		47ECB4D52896DB4800566D24 /* StocksModel.swift */ = {isa = PBXFileReference; lastKnownFileType = sourcecode.swift; path = StocksModel.swift; sourceTree = "<group>"; };
		47ECB4D72896DBAA00566D24 /* APIKeys.swift */ = {isa = PBXFileReference; lastKnownFileType = sourcecode.swift; path = APIKeys.swift; sourceTree = "<group>"; };
		47ECB4D92896F9FB00566D24 /* StocksCollectionView + Extension.swift */ = {isa = PBXFileReference; lastKnownFileType = sourcecode.swift; path = "StocksCollectionView + Extension.swift"; sourceTree = "<group>"; };
		47ECB4DC2896FA2B00566D24 /* StocksCollectionViewCell.swift */ = {isa = PBXFileReference; lastKnownFileType = sourcecode.swift; path = StocksCollectionViewCell.swift; sourceTree = "<group>"; };
/* End PBXFileReference section */

/* Begin PBXFrameworksBuildPhase section */
		478ACEC82895502000EE31B6 /* Frameworks */ = {
			isa = PBXFrameworksBuildPhase;
			buildActionMask = 2147483647;
			files = (
			);
			runOnlyForDeploymentPostprocessing = 0;
		};
/* End PBXFrameworksBuildPhase section */

/* Begin PBXGroup section */
		470469B328BCBCA3008D2165 /* Crypto */ = {
			isa = PBXGroup;
			children = (
				473042CE289572E700817A7A /* CryptoModel.swift */,
				47D74A7D28BA167D003380F1 /* CryptoDataModel.swift */,
			);
			path = Crypto;
			sourceTree = "<group>";
		};
		470469B428BCBCAE008D2165 /* News */ = {
			isa = PBXGroup;
			children = (
				47ECB4CE2896C15400566D24 /* NewsModel.swift */,
			);
			path = News;
			sourceTree = "<group>";
		};
		470469B528BCBCB6008D2165 /* Stocks */ = {
			isa = PBXGroup;
			children = (
				47ECB4D52896DB4800566D24 /* StocksModel.swift */,
			);
			path = Stocks;
			sourceTree = "<group>";
		};
		473A471928BB99AC0073AA93 /* Details */ = {
			isa = PBXGroup;
			children = (
				473A471A28BB99D20073AA93 /* DetailsViewController.swift */,
				473A471C28BB9AF40073AA93 /* DetailsViewModel.swift */,
			);
			path = Details;
			sourceTree = "<group>";
		};
		4761B5E02895C29E007FFB91 /* Cell */ = {
			isa = PBXGroup;
			children = (
				4761B5DC2895C007007FFB91 /* CryptoTableViewCell.swift */,
				47B873BC2897D4D4002358FB /* CryptoCellViewModel.swift */,
			);
			path = Cell;
			sourceTree = "<group>";
		};
		478ACEC22895502000EE31B6 = {
			isa = PBXGroup;
			children = (
				478ACECD2895502000EE31B6 /* Finance Keeper */,
				478ACECC2895502000EE31B6 /* Products */,
			);
			sourceTree = "<group>";
		};
		478ACECC2895502000EE31B6 /* Products */ = {
			isa = PBXGroup;
			children = (
				478ACECB2895502000EE31B6 /* Finance Keeper.app */,
			);
			name = Products;
			sourceTree = "<group>";
		};
		478ACECD2895502000EE31B6 /* Finance Keeper */ = {
			isa = PBXGroup;
			children = (
				478ACEE52895506100EE31B6 /* Main */,
				478ACEF62895624100EE31B6 /* News */,
				478ACEF72895625200EE31B6 /* Stocks */,
				478ACEF82895625B00EE31B6 /* Crypto */,
				478ACEF528955F5700EE31B6 /* CustomTabBarController */,
				478ACEF228955B5D00EE31B6 /* Extensions */,
				478ACEE62895506500EE31B6 /* Services */,
				478ACEE32895504700EE31B6 /* Helpers */,
				478ACEE22895504200EE31B6 /* Models */,
				478ACEE72895507000EE31B6 /* Resources */,
				478ACEE42895505000EE31B6 /* App */,
			);
			path = "Finance Keeper";
			sourceTree = "<group>";
		};
		478ACEE22895504200EE31B6 /* Models */ = {
			isa = PBXGroup;
			children = (
				470469B528BCBCB6008D2165 /* Stocks */,
				470469B428BCBCAE008D2165 /* News */,
				470469B328BCBCA3008D2165 /* Crypto */,
			);
			path = Models;
			sourceTree = "<group>";
		};
		478ACEE32895504700EE31B6 /* Helpers */ = {
			isa = PBXGroup;
			children = (
				4761B5DE2895C288007FFB91 /* Box.swift */,
				478E4ACE28A26F3800A5E151 /* Helpers.swift */,
			);
			path = Helpers;
			sourceTree = "<group>";
		};
		478ACEE42895505000EE31B6 /* App */ = {
			isa = PBXGroup;
			children = (
				478ACECE2895502000EE31B6 /* AppDelegate.swift */,
				478ACED02895502000EE31B6 /* SceneDelegate.swift */,
			);
			path = App;
			sourceTree = "<group>";
		};
		478ACEE52895506100EE31B6 /* Main */ = {
			isa = PBXGroup;
			children = (
				47BE1BF628B6DADC00249767 /* UI */,
				47BE1BE628B6605600249767 /* Extensions */,
				47BE1BE528B6604D00249767 /* Cell */,
				478ACED22895502000EE31B6 /* MainViewController.swift */,
			);
			path = Main;
			sourceTree = "<group>";
		};
		478ACEE62895506500EE31B6 /* Services */ = {
			isa = PBXGroup;
			children = (
				473042CC28956EAA00817A7A /* NetworkManager.swift */,
				474CB69628969EFF00D58038 /* APIManager.swift */,
				47ECB4D72896DBAA00566D24 /* APIKeys.swift */,
			);
			path = Services;
			sourceTree = "<group>";
		};
		478ACEE72895507000EE31B6 /* Resources */ = {
			isa = PBXGroup;
			children = (
				47BE1BE728B66BED00249767 /* Fonts */,
				478ACEE82895509C00EE31B6 /* .gitignore */,
				478ACED72895502100EE31B6 /* Assets.xcassets */,
				478ACEDC2895502100EE31B6 /* Info.plist */,
				478ACED92895502100EE31B6 /* LaunchScreen.storyboard */,
			);
			path = Resources;
			sourceTree = "<group>";
		};
		478ACEF228955B5D00EE31B6 /* Extensions */ = {
			isa = PBXGroup;
			children = (
				478ACEF328955B7000EE31B6 /* UIColor + Extension.swift */,
				4729F0D328BBCC7C0054D10B /* UIImageView + Extension.swift */,
			);
			path = Extensions;
			sourceTree = "<group>";
		};
		478ACEF528955F5700EE31B6 /* CustomTabBarController */ = {
			isa = PBXGroup;
			children = (
				478ACEEA2895543C00EE31B6 /* CustomTabBarController.swift */,
			);
			path = CustomTabBarController;
			sourceTree = "<group>";
		};
		478ACEF62895624100EE31B6 /* News */ = {
			isa = PBXGroup;
			children = (
				473A471928BB99AC0073AA93 /* Details */,
				47D74A8028BA177E003380F1 /* Extensions */,
				47ECB4D42896C55D00566D24 /* Cell */,
				478ACEEC2895548A00EE31B6 /* NewsViewController.swift */,
				4774EFA1289DDB00008C02B2 /* NewsViewModel.swift */,
			);
			path = News;
			sourceTree = "<group>";
		};
		478ACEF72895625200EE31B6 /* Stocks */ = {
			isa = PBXGroup;
			children = (
				47D74A8128BA178C003380F1 /* Extensions */,
				47ECB4DB2896FA2300566D24 /* Cell */,
				478ACEEE2895549200EE31B6 /* StocksViewController.swift */,
				4774EF9F289DD8EA008C02B2 /* StocksViewModel.swift */,
			);
			path = Stocks;
			sourceTree = "<group>";
		};
		478ACEF82895625B00EE31B6 /* Crypto */ = {
			isa = PBXGroup;
			children = (
				47D74A7F28BA1774003380F1 /* Extensions */,
				4761B5E02895C29E007FFB91 /* Cell */,
				4761B5E12895C2B1007FFB91 /* CryptoViewModel.swift */,
				478ACEF02895549B00EE31B6 /* CryptoViewController.swift */,
			);
			path = Crypto;
			sourceTree = "<group>";
		};
		47BE1BE528B6604D00249767 /* Cell */ = {
			isa = PBXGroup;
			children = (
				47BE1BE328B6604800249767 /* TransactionTableViewCell.swift */,
			);
			path = Cell;
			sourceTree = "<group>";
		};
		47BE1BE628B6605600249767 /* Extensions */ = {
			isa = PBXGroup;
			children = (
				47BE1BE128B65FFA00249767 /* MainViewController+TableViewExtension.swift */,
			);
			path = Extensions;
			sourceTree = "<group>";
		};
		47BE1BE728B66BED00249767 /* Fonts */ = {
			isa = PBXGroup;
			children = (
				47BE1BE928B66D8400249767 /* BrandonGrotesque-Black.ttf */,
				47BE1BEB28B66D8400249767 /* BrandonGrotesque-Bold.ttf */,
				47BE1BE828B66D8400249767 /* BrandonGrotesque-Light.ttf */,
				47BE1BEC28B66D8400249767 /* BrandonGrotesque-Medium.ttf */,
				47BE1BED28B66D8400249767 /* BrandonGrotesque-Regular.ttf */,
				47BE1BEA28B66D8400249767 /* BrandonGrotesque-Thin.ttf */,
			);
			path = Fonts;
			sourceTree = "<group>";
		};
		47BE1BF628B6DADC00249767 /* UI */ = {
			isa = PBXGroup;
			children = (
				47BE1BF428B6D4C800249767 /* GradientButton.swift */,
			);
			path = UI;
			sourceTree = "<group>";
		};
		47D74A7F28BA1774003380F1 /* Extensions */ = {
			isa = PBXGroup;
			children = (
				4761B5DA2895BFCC007FFB91 /* CryptoTableView + Extension.swift */,
			);
			path = Extensions;
			sourceTree = "<group>";
		};
		47D74A8028BA177E003380F1 /* Extensions */ = {
			isa = PBXGroup;
			children = (
				47ECB4D02896C4AA00566D24 /* NewsTableView + Extension.swift */,
			);
			path = Extensions;
			sourceTree = "<group>";
		};
		47D74A8128BA178C003380F1 /* Extensions */ = {
			isa = PBXGroup;
			children = (
				47ECB4D92896F9FB00566D24 /* StocksCollectionView + Extension.swift */,
			);
			path = Extensions;
			sourceTree = "<group>";
		};
		47ECB4D42896C55D00566D24 /* Cell */ = {
			isa = PBXGroup;
			children = (
				47ECB4D22896C53E00566D24 /* NewsTableViewCell.swift */,
				478E4AD028A2763200A5E151 /* NewsCellViewModel.swift */,
			);
			path = Cell;
			sourceTree = "<group>";
		};
		47ECB4DB2896FA2300566D24 /* Cell */ = {
			isa = PBXGroup;
			children = (
				47ECB4DC2896FA2B00566D24 /* StocksCollectionViewCell.swift */,
			);
			path = Cell;
			sourceTree = "<group>";
		};
/* End PBXGroup section */

/* Begin PBXNativeTarget section */
		478ACECA2895502000EE31B6 /* Finance Keeper */ = {
			isa = PBXNativeTarget;
			buildConfigurationList = 478ACEDF2895502100EE31B6 /* Build configuration list for PBXNativeTarget "Finance Keeper" */;
			buildPhases = (
				478ACEC72895502000EE31B6 /* Sources */,
				478ACEC82895502000EE31B6 /* Frameworks */,
				478ACEC92895502000EE31B6 /* Resources */,
			);
			buildRules = (
			);
			dependencies = (
			);
			name = "Finance Keeper";
			productName = "Finance Keeper";
			productReference = 478ACECB2895502000EE31B6 /* Finance Keeper.app */;
			productType = "com.apple.product-type.application";
		};
/* End PBXNativeTarget section */

/* Begin PBXProject section */
		478ACEC32895502000EE31B6 /* Project object */ = {
			isa = PBXProject;
			attributes = {
				BuildIndependentTargetsInParallel = 1;
				LastSwiftUpdateCheck = 1340;
				LastUpgradeCheck = 1340;
				TargetAttributes = {
					478ACECA2895502000EE31B6 = {
						CreatedOnToolsVersion = 13.4.1;
					};
				};
			};
			buildConfigurationList = 478ACEC62895502000EE31B6 /* Build configuration list for PBXProject "Finance Keeper" */;
			compatibilityVersion = "Xcode 13.0";
			developmentRegion = en;
			hasScannedForEncodings = 0;
			knownRegions = (
				en,
				Base,
			);
			mainGroup = 478ACEC22895502000EE31B6;
			productRefGroup = 478ACECC2895502000EE31B6 /* Products */;
			projectDirPath = "";
			projectRoot = "";
			targets = (
				478ACECA2895502000EE31B6 /* Finance Keeper */,
			);
		};
/* End PBXProject section */

/* Begin PBXResourcesBuildPhase section */
		478ACEC92895502000EE31B6 /* Resources */ = {
			isa = PBXResourcesBuildPhase;
			buildActionMask = 2147483647;
			files = (
				47BE1BF228B66D8400249767 /* BrandonGrotesque-Medium.ttf in Resources */,
				47BE1BEF28B66D8400249767 /* BrandonGrotesque-Black.ttf in Resources */,
				478ACEDB2895502100EE31B6 /* LaunchScreen.storyboard in Resources */,
				47BE1BF028B66D8400249767 /* BrandonGrotesque-Thin.ttf in Resources */,
				478ACEE92895509C00EE31B6 /* .gitignore in Resources */,
				47BE1BEE28B66D8400249767 /* BrandonGrotesque-Light.ttf in Resources */,
				47BE1BF328B66D8400249767 /* BrandonGrotesque-Regular.ttf in Resources */,
				478ACED82895502100EE31B6 /* Assets.xcassets in Resources */,
				47BE1BF128B66D8400249767 /* BrandonGrotesque-Bold.ttf in Resources */,
			);
			runOnlyForDeploymentPostprocessing = 0;
		};
/* End PBXResourcesBuildPhase section */

/* Begin PBXSourcesBuildPhase section */
		478ACEC72895502000EE31B6 /* Sources */ = {
			isa = PBXSourcesBuildPhase;
			buildActionMask = 2147483647;
			files = (
				473042CD28956EAA00817A7A /* NetworkManager.swift in Sources */,
				47B873BD2897D4D4002358FB /* CryptoCellViewModel.swift in Sources */,
				478ACED32895502000EE31B6 /* MainViewController.swift in Sources */,
				4761B5DB2895BFCC007FFB91 /* CryptoTableView + Extension.swift in Sources */,
				4761B5E22895C2B1007FFB91 /* CryptoViewModel.swift in Sources */,
				47ECB4DD2896FA2B00566D24 /* StocksCollectionViewCell.swift in Sources */,
				478ACEF428955B7000EE31B6 /* UIColor + Extension.swift in Sources */,
				478ACECF2895502000EE31B6 /* AppDelegate.swift in Sources */,
				47ECB4D82896DBAA00566D24 /* APIKeys.swift in Sources */,
				473042CF289572E700817A7A /* CryptoModel.swift in Sources */,
				4761B5DF2895C288007FFB91 /* Box.swift in Sources */,
				4774EFA0289DD8EA008C02B2 /* StocksViewModel.swift in Sources */,
				4774EFA2289DDB00008C02B2 /* NewsViewModel.swift in Sources */,
				47BE1BF528B6D4C800249767 /* GradientButton.swift in Sources */,
				47BE1BE228B65FFA00249767 /* MainViewController+TableViewExtension.swift in Sources */,
				47ECB4D62896DB4800566D24 /* StocksModel.swift in Sources */,
				47ECB4DA2896F9FB00566D24 /* StocksCollectionView + Extension.swift in Sources */,
				47ECB4D32896C53E00566D24 /* NewsTableViewCell.swift in Sources */,
				4729F0D428BBCC7C0054D10B /* UIImageView + Extension.swift in Sources */,
				47ECB4CF2896C15400566D24 /* NewsModel.swift in Sources */,
				478ACEEB2895543C00EE31B6 /* CustomTabBarController.swift in Sources */,
				478ACEF12895549B00EE31B6 /* CryptoViewController.swift in Sources */,
				4761B5DD2895C007007FFB91 /* CryptoTableViewCell.swift in Sources */,
				478ACEED2895548A00EE31B6 /* NewsViewController.swift in Sources */,
				478E4AD128A2763200A5E151 /* NewsCellViewModel.swift in Sources */,
				474CB69728969EFF00D58038 /* APIManager.swift in Sources */,
				47BE1BE428B6604800249767 /* TransactionTableViewCell.swift in Sources */,
				47ECB4D12896C4AA00566D24 /* NewsTableView + Extension.swift in Sources */,
				473A471B28BB99D20073AA93 /* DetailsViewController.swift in Sources */,
				478ACEEF2895549200EE31B6 /* StocksViewController.swift in Sources */,
				473A471D28BB9AF40073AA93 /* DetailsViewModel.swift in Sources */,
				478ACED12895502000EE31B6 /* SceneDelegate.swift in Sources */,
				47D74A7E28BA167D003380F1 /* CryptoDataModel.swift in Sources */,
				478E4ACF28A26F3800A5E151 /* Helpers.swift in Sources */,
			);
			runOnlyForDeploymentPostprocessing = 0;
		};
/* End PBXSourcesBuildPhase section */

/* Begin PBXVariantGroup section */
		478ACED92895502100EE31B6 /* LaunchScreen.storyboard */ = {
			isa = PBXVariantGroup;
			children = (
				478ACEDA2895502100EE31B6 /* Base */,
			);
			name = LaunchScreen.storyboard;
			sourceTree = "<group>";
		};
/* End PBXVariantGroup section */

/* Begin XCBuildConfiguration section */
		478ACEDD2895502100EE31B6 /* Debug */ = {
			isa = XCBuildConfiguration;
			buildSettings = {
				ALWAYS_SEARCH_USER_PATHS = NO;
				CLANG_ANALYZER_NONNULL = YES;
				CLANG_ANALYZER_NUMBER_OBJECT_CONVERSION = YES_AGGRESSIVE;
				CLANG_CXX_LANGUAGE_STANDARD = "gnu++17";
				CLANG_ENABLE_MODULES = YES;
				CLANG_ENABLE_OBJC_ARC = YES;
				CLANG_ENABLE_OBJC_WEAK = YES;
				CLANG_WARN_BLOCK_CAPTURE_AUTORELEASING = YES;
				CLANG_WARN_BOOL_CONVERSION = YES;
				CLANG_WARN_COMMA = YES;
				CLANG_WARN_CONSTANT_CONVERSION = YES;
				CLANG_WARN_DEPRECATED_OBJC_IMPLEMENTATIONS = YES;
				CLANG_WARN_DIRECT_OBJC_ISA_USAGE = YES_ERROR;
				CLANG_WARN_DOCUMENTATION_COMMENTS = YES;
				CLANG_WARN_EMPTY_BODY = YES;
				CLANG_WARN_ENUM_CONVERSION = YES;
				CLANG_WARN_INFINITE_RECURSION = YES;
				CLANG_WARN_INT_CONVERSION = YES;
				CLANG_WARN_NON_LITERAL_NULL_CONVERSION = YES;
				CLANG_WARN_OBJC_IMPLICIT_RETAIN_SELF = YES;
				CLANG_WARN_OBJC_LITERAL_CONVERSION = YES;
				CLANG_WARN_OBJC_ROOT_CLASS = YES_ERROR;
				CLANG_WARN_QUOTED_INCLUDE_IN_FRAMEWORK_HEADER = YES;
				CLANG_WARN_RANGE_LOOP_ANALYSIS = YES;
				CLANG_WARN_STRICT_PROTOTYPES = YES;
				CLANG_WARN_SUSPICIOUS_MOVE = YES;
				CLANG_WARN_UNGUARDED_AVAILABILITY = YES_AGGRESSIVE;
				CLANG_WARN_UNREACHABLE_CODE = YES;
				CLANG_WARN__DUPLICATE_METHOD_MATCH = YES;
				COPY_PHASE_STRIP = NO;
				DEBUG_INFORMATION_FORMAT = dwarf;
				ENABLE_STRICT_OBJC_MSGSEND = YES;
				ENABLE_TESTABILITY = YES;
				GCC_C_LANGUAGE_STANDARD = gnu11;
				GCC_DYNAMIC_NO_PIC = NO;
				GCC_NO_COMMON_BLOCKS = YES;
				GCC_OPTIMIZATION_LEVEL = 0;
				GCC_PREPROCESSOR_DEFINITIONS = (
					"DEBUG=1",
					"$(inherited)",
				);
				GCC_WARN_64_TO_32_BIT_CONVERSION = YES;
				GCC_WARN_ABOUT_RETURN_TYPE = YES_ERROR;
				GCC_WARN_UNDECLARED_SELECTOR = YES;
				GCC_WARN_UNINITIALIZED_AUTOS = YES_AGGRESSIVE;
				GCC_WARN_UNUSED_FUNCTION = YES;
				GCC_WARN_UNUSED_VARIABLE = YES;
				IPHONEOS_DEPLOYMENT_TARGET = 13.0;
				MTL_ENABLE_DEBUG_INFO = INCLUDE_SOURCE;
				MTL_FAST_MATH = YES;
				ONLY_ACTIVE_ARCH = YES;
				SDKROOT = iphoneos;
				SWIFT_ACTIVE_COMPILATION_CONDITIONS = DEBUG;
				SWIFT_OPTIMIZATION_LEVEL = "-Onone";
			};
			name = Debug;
		};
		478ACEDE2895502100EE31B6 /* Release */ = {
			isa = XCBuildConfiguration;
			buildSettings = {
				ALWAYS_SEARCH_USER_PATHS = NO;
				CLANG_ANALYZER_NONNULL = YES;
				CLANG_ANALYZER_NUMBER_OBJECT_CONVERSION = YES_AGGRESSIVE;
				CLANG_CXX_LANGUAGE_STANDARD = "gnu++17";
				CLANG_ENABLE_MODULES = YES;
				CLANG_ENABLE_OBJC_ARC = YES;
				CLANG_ENABLE_OBJC_WEAK = YES;
				CLANG_WARN_BLOCK_CAPTURE_AUTORELEASING = YES;
				CLANG_WARN_BOOL_CONVERSION = YES;
				CLANG_WARN_COMMA = YES;
				CLANG_WARN_CONSTANT_CONVERSION = YES;
				CLANG_WARN_DEPRECATED_OBJC_IMPLEMENTATIONS = YES;
				CLANG_WARN_DIRECT_OBJC_ISA_USAGE = YES_ERROR;
				CLANG_WARN_DOCUMENTATION_COMMENTS = YES;
				CLANG_WARN_EMPTY_BODY = YES;
				CLANG_WARN_ENUM_CONVERSION = YES;
				CLANG_WARN_INFINITE_RECURSION = YES;
				CLANG_WARN_INT_CONVERSION = YES;
				CLANG_WARN_NON_LITERAL_NULL_CONVERSION = YES;
				CLANG_WARN_OBJC_IMPLICIT_RETAIN_SELF = YES;
				CLANG_WARN_OBJC_LITERAL_CONVERSION = YES;
				CLANG_WARN_OBJC_ROOT_CLASS = YES_ERROR;
				CLANG_WARN_QUOTED_INCLUDE_IN_FRAMEWORK_HEADER = YES;
				CLANG_WARN_RANGE_LOOP_ANALYSIS = YES;
				CLANG_WARN_STRICT_PROTOTYPES = YES;
				CLANG_WARN_SUSPICIOUS_MOVE = YES;
				CLANG_WARN_UNGUARDED_AVAILABILITY = YES_AGGRESSIVE;
				CLANG_WARN_UNREACHABLE_CODE = YES;
				CLANG_WARN__DUPLICATE_METHOD_MATCH = YES;
				COPY_PHASE_STRIP = NO;
				DEBUG_INFORMATION_FORMAT = "dwarf-with-dsym";
				ENABLE_NS_ASSERTIONS = NO;
				ENABLE_STRICT_OBJC_MSGSEND = YES;
				GCC_C_LANGUAGE_STANDARD = gnu11;
				GCC_NO_COMMON_BLOCKS = YES;
				GCC_WARN_64_TO_32_BIT_CONVERSION = YES;
				GCC_WARN_ABOUT_RETURN_TYPE = YES_ERROR;
				GCC_WARN_UNDECLARED_SELECTOR = YES;
				GCC_WARN_UNINITIALIZED_AUTOS = YES_AGGRESSIVE;
				GCC_WARN_UNUSED_FUNCTION = YES;
				GCC_WARN_UNUSED_VARIABLE = YES;
				IPHONEOS_DEPLOYMENT_TARGET = 13.0;
				MTL_ENABLE_DEBUG_INFO = NO;
				MTL_FAST_MATH = YES;
				SDKROOT = iphoneos;
				SWIFT_COMPILATION_MODE = wholemodule;
				SWIFT_OPTIMIZATION_LEVEL = "-O";
				VALIDATE_PRODUCT = YES;
			};
			name = Release;
		};
		478ACEE02895502100EE31B6 /* Debug */ = {
			isa = XCBuildConfiguration;
			buildSettings = {
				ASSETCATALOG_COMPILER_APPICON_NAME = AppIcon;
				ASSETCATALOG_COMPILER_GLOBAL_ACCENT_COLOR_NAME = AccentColor;
				CODE_SIGN_STYLE = Automatic;
				CURRENT_PROJECT_VERSION = 1;
				DEVELOPMENT_TEAM = 7288C3T3B9;
				GENERATE_INFOPLIST_FILE = YES;
				INFOPLIST_FILE = "Finance Keeper/Resources/Info.plist";
				INFOPLIST_KEY_UIApplicationSupportsIndirectInputEvents = YES;
				INFOPLIST_KEY_UILaunchStoryboardName = LaunchScreen;
				INFOPLIST_KEY_UISupportedInterfaceOrientations = UIInterfaceOrientationPortrait;
				INFOPLIST_KEY_UISupportedInterfaceOrientations_iPad = "UIInterfaceOrientationPortrait UIInterfaceOrientationPortraitUpsideDown UIInterfaceOrientationLandscapeLeft UIInterfaceOrientationLandscapeRight";
				INFOPLIST_KEY_UISupportedInterfaceOrientations_iPhone = "UIInterfaceOrientationPortrait UIInterfaceOrientationLandscapeLeft UIInterfaceOrientationLandscapeRight";
				IPHONEOS_DEPLOYMENT_TARGET = 13.0;
				LD_RUNPATH_SEARCH_PATHS = (
					"$(inherited)",
					"@executable_path/Frameworks",
				);
				MARKETING_VERSION = 1.0;
				PRODUCT_BUNDLE_IDENTIFIER = "bohdan.bondar.Finance-Keeper";
				PRODUCT_NAME = "$(TARGET_NAME)";
				SWIFT_EMIT_LOC_STRINGS = YES;
				SWIFT_VERSION = 5.0;
				TARGETED_DEVICE_FAMILY = 1;
			};
			name = Debug;
		};
		478ACEE12895502100EE31B6 /* Release */ = {
			isa = XCBuildConfiguration;
			buildSettings = {
				ASSETCATALOG_COMPILER_APPICON_NAME = AppIcon;
				ASSETCATALOG_COMPILER_GLOBAL_ACCENT_COLOR_NAME = AccentColor;
				CODE_SIGN_STYLE = Automatic;
				CURRENT_PROJECT_VERSION = 1;
				DEVELOPMENT_TEAM = 7288C3T3B9;
				GENERATE_INFOPLIST_FILE = YES;
				INFOPLIST_FILE = "Finance Keeper/Resources/Info.plist";
				INFOPLIST_KEY_UIApplicationSupportsIndirectInputEvents = YES;
				INFOPLIST_KEY_UILaunchStoryboardName = LaunchScreen;
				INFOPLIST_KEY_UISupportedInterfaceOrientations = UIInterfaceOrientationPortrait;
				INFOPLIST_KEY_UISupportedInterfaceOrientations_iPad = "UIInterfaceOrientationPortrait UIInterfaceOrientationPortraitUpsideDown UIInterfaceOrientationLandscapeLeft UIInterfaceOrientationLandscapeRight";
				INFOPLIST_KEY_UISupportedInterfaceOrientations_iPhone = "UIInterfaceOrientationPortrait UIInterfaceOrientationLandscapeLeft UIInterfaceOrientationLandscapeRight";
				IPHONEOS_DEPLOYMENT_TARGET = 13.0;
				LD_RUNPATH_SEARCH_PATHS = (
					"$(inherited)",
					"@executable_path/Frameworks",
				);
				MARKETING_VERSION = 1.0;
				PRODUCT_BUNDLE_IDENTIFIER = "bohdan.bondar.Finance-Keeper";
				PRODUCT_NAME = "$(TARGET_NAME)";
				SWIFT_EMIT_LOC_STRINGS = YES;
				SWIFT_VERSION = 5.0;
				TARGETED_DEVICE_FAMILY = 1;
			};
			name = Release;
		};
/* End XCBuildConfiguration section */

/* Begin XCConfigurationList section */
		478ACEC62895502000EE31B6 /* Build configuration list for PBXProject "Finance Keeper" */ = {
			isa = XCConfigurationList;
			buildConfigurations = (
				478ACEDD2895502100EE31B6 /* Debug */,
				478ACEDE2895502100EE31B6 /* Release */,
			);
			defaultConfigurationIsVisible = 0;
			defaultConfigurationName = Release;
		};
		478ACEDF2895502100EE31B6 /* Build configuration list for PBXNativeTarget "Finance Keeper" */ = {
			isa = XCConfigurationList;
			buildConfigurations = (
				478ACEE02895502100EE31B6 /* Debug */,
				478ACEE12895502100EE31B6 /* Release */,
			);
			defaultConfigurationIsVisible = 0;
			defaultConfigurationName = Release;
		};
/* End XCConfigurationList section */
	};
	rootObject = 478ACEC32895502000EE31B6 /* Project object */;
}
